
Microsoft Visual Studio Solution File, Format Version 12.00
# Visual Studio 15
VisualStudioVersion = 15.0.28307.329
MinimumVisualStudioVersion = 10.0.40219.1
Project("{FAE04EC0-301F-11D3-BF4B-00C04F79EFBC}") = "Ado.Net.Filmovi", "Ado.Net.Filmovi\Ado.Net.Filmovi.csproj", "{1FE1D65F-4969-46C1-BB2B-6CBAFA6FA7C5}"
EndProject
Global
	GlobalSection(SolutionConfigurationPlatforms) = preSolution
		Debug|Any CPU = Debug|Any CPU
		Release|Any CPU = Release|Any CPU
	EndGlobalSection
	GlobalSection(ProjectConfigurationPlatforms) = postSolution
		{1FE1D65F-4969-46C1-BB2B-6CBAFA6FA7C5}.Debug|Any CPU.ActiveCfg = Debug|Any CPU
		{1FE1D65F-4969-46C1-BB2B-6CBAFA6FA7C5}.Debug|Any CPU.Build.0 = Debug|Any CPU
		{1FE1D65F-4969-46C1-BB2B-6CBAFA6FA7C5}.Release|Any CPU.ActiveCfg = Release|Any CPU
		{1FE1D65F-4969-46C1-BB2B-6CBAFA6FA7C5}.Release|Any CPU.Build.0 = Release|Any CPU
	EndGlobalSection
	GlobalSection(SolutionProperties) = preSolution
		HideSolutionNode = FALSE
	EndGlobalSection
	GlobalSection(ExtensibilityGlobals) = postSolution
		SolutionGuid = {4D52FA31-8646-45E7-80D9-8C49BBF35DA6}
	EndGlobalSection
EndGlobal
