
Microsoft Visual Studio Solution File, Format Version 12.00
# Visual Studio 15
VisualStudioVersion = 15.0.26430.16
MinimumVisualStudioVersion = 10.0.40219.1
Project("{FAE04EC0-301F-11D3-BF4B-00C04F79EFBC}") = "WebApi", "WebApi\WebApi.csproj", "{9F7B0DB0-AA21-446E-B8D3-8991DDD93C79}"
EndProject
Project("{FAE04EC0-301F-11D3-BF4B-00C04F79EFBC}") = "AdresarMVC", "AdresarMVC\AdresarMVC.csproj", "{8DE517F6-3081-427B-996E-E1D22685E58B}"
EndProject
Global
	GlobalSection(SolutionConfigurationPlatforms) = preSolution
		Debug|Any CPU = Debug|Any CPU
		Release|Any CPU = Release|Any CPU
	EndGlobalSection
	GlobalSection(ProjectConfigurationPlatforms) = postSolution
		{9F7B0DB0-AA21-446E-B8D3-8991DDD93C79}.Debug|Any CPU.ActiveCfg = Debug|Any CPU
		{9F7B0DB0-AA21-446E-B8D3-8991DDD93C79}.Debug|Any CPU.Build.0 = Debug|Any CPU
		{9F7B0DB0-AA21-446E-B8D3-8991DDD93C79}.Release|Any CPU.ActiveCfg = Release|Any CPU
		{9F7B0DB0-AA21-446E-B8D3-8991DDD93C79}.Release|Any CPU.Build.0 = Release|Any CPU
		{8DE517F6-3081-427B-996E-E1D22685E58B}.Debug|Any CPU.ActiveCfg = Debug|Any CPU
		{8DE517F6-3081-427B-996E-E1D22685E58B}.Debug|Any CPU.Build.0 = Debug|Any CPU
		{8DE517F6-3081-427B-996E-E1D22685E58B}.Release|Any CPU.ActiveCfg = Release|Any CPU
		{8DE517F6-3081-427B-996E-E1D22685E58B}.Release|Any CPU.Build.0 = Release|Any CPU
	EndGlobalSection
	GlobalSection(SolutionProperties) = preSolution
		HideSolutionNode = FALSE
	EndGlobalSection
EndGlobal
